
Microsoft Visual Studio Solution File, Format Version 12.00
# Visual Studio Version 17
VisualStudioVersion = 17.0.31903.59
MinimumVisualStudioVersion = 10.0.40219.1
Project("{2150E333-8FDC-42A3-9474-1A3956D46DE8}") = "src", "src", "{1EF7540D-8303-4490-AC5C-0CD2B71A0F45}"
EndProject
Project("{2150E333-8FDC-42A3-9474-1A3956D46DE8}") = "BuildingBlocks", "BuildingBlocks", "{DE16BC29-8F00-4BEA-A795-9CC5A5ADF34A}"
EndProject
Project("{FAE04EC0-301F-11D3-BF4B-00C04F79EFBC}") = "Core.Messaging", "src\BuildingBlocks\Core.Messaging\Core.Messaging.csproj", "{3F0B18F4-D5B9-4253-A472-72E72C8F28B4}"
EndProject
Project("{FAE04EC0-301F-11D3-BF4B-00C04F79EFBC}") = "Core.Domain", "src\BuildingBlocks\Core.Domain\Core.Domain.csproj", "{025A1061-6434-4103-83C8-AB81CD212E21}"
EndProject
Project("{2150E333-8FDC-42A3-9474-1A3956D46DE8}") = "Gateways", "Gateways", "{994E1319-DCFF-4C62-8183-10822496EF3A}"
EndProject
Project("{FAE04EC0-301F-11D3-BF4B-00C04F79EFBC}") = "ApiGateway", "src\Gateways\ApiGateway\ApiGateway.csproj", "{D5B720F6-4155-4CB2-A23E-239912A2ABD3}"
EndProject
Project("{2150E333-8FDC-42A3-9474-1A3956D46DE8}") = "Services", "Services", "{57376281-1E4E-4C8E-952D-5124F3383ED6}"
EndProject
Project("{2150E333-8FDC-42A3-9474-1A3956D46DE8}") = "Auth", "Auth", "{B5658AA1-BE51-4D58-98C8-5C2270988562}"
EndProject
Project("{FAE04EC0-301F-11D3-BF4B-00C04F79EFBC}") = "Auth.API", "src\Services\Auth\Auth.API\Auth.API.csproj", "{94B763D5-D346-4248-BF23-B1B27CBBA9D9}"
EndProject
Project("{FAE04EC0-301F-11D3-BF4B-00C04F79EFBC}") = "Auth.Tests", "src\Services\Auth\Auth.Tests\Auth.Tests.csproj", "{C57C70E3-8EE5-4EC4-9517-2FBBB89B59DD}"
EndProject
Project("{2150E333-8FDC-42A3-9474-1A3956D46DE8}") = "Customer", "Customer", "{A013BD6D-6BA5-4610-90CF-835E300AB4AA}"
EndProject
Project("{FAE04EC0-301F-11D3-BF4B-00C04F79EFBC}") = "Customer.API", "src\Services\Customer\Customer.API\Customer.API.csproj", "{F75DD26B-D2E3-4F71-BBAC-FBA95296CA66}"
EndProject
Project("{FAE04EC0-301F-11D3-BF4B-00C04F79EFBC}") = "Customer.Tests", "src\Services\Customer\Customer.Tests\Customer.Tests.csproj", "{94ED2D18-1F6A-4E31-A370-5577597B1853}"
EndProject
Project("{2150E333-8FDC-42A3-9474-1A3956D46DE8}") = "Store", "Store", "{AA2B164A-901F-4128-83DD-EFCA38CD016C}"
EndProject
Project("{FAE04EC0-301F-11D3-BF4B-00C04F79EFBC}") = "Store.API", "src\Services\Store\Store.API\Store.API.csproj", "{A21DD34A-259E-46AD-8E7C-F18C4ADECF8B}"
EndProject
Project("{FAE04EC0-301F-11D3-BF4B-00C04F79EFBC}") = "Store.Tests", "src\Services\Store\Store.Tests\Store.Tests.csproj", "{6261BCB0-F7D3-4B3F-83FE-1E42B96B9E86}"
EndProject
Project("{2150E333-8FDC-42A3-9474-1A3956D46DE8}") = "Warehouse", "Warehouse", "{47213690-963B-47B5-AB40-11DE0FD626E4}"
EndProject
Project("{FAE04EC0-301F-11D3-BF4B-00C04F79EFBC}") = "Warehouse.API", "src\Services\Warehouse\Warehouse.API\Warehouse.API.csproj", "{61EE4008-3B1B-4532-8289-4D521411C1CB}"
EndProject
Project("{FAE04EC0-301F-11D3-BF4B-00C04F79EFBC}") = "Warehouse.Tests", "src\Services\Warehouse\Warehouse.Tests\Warehouse.Tests.csproj", "{DE450F9F-EFDA-49F3-B786-4144FE30F6F3}"
EndProject
Project("{2150E333-8FDC-42A3-9474-1A3956D46DE8}") = "Search", "Search", "{7EA47450-E71A-4918-A960-DB9FDBCB3454}"
EndProject
Project("{FAE04EC0-301F-11D3-BF4B-00C04F79EFBC}") = "Search.API", "src\Services\Search\Search.API\Search.API.csproj", "{971E5B38-1DE9-47BC-9BB1-16C6034ECB9F}"
EndProject
Project("{FAE04EC0-301F-11D3-BF4B-00C04F79EFBC}") = "Search.Tests", "src\Services\Search\Search.Tests\Search.Tests.csproj", "{2B0E1A03-393C-4413-AC0A-B638B3BC6B86}"
EndProject
Project("{2150E333-8FDC-42A3-9474-1A3956D46DE8}") = "Cart", "Cart", "{93A4A277-797A-4B27-A9DA-26D46537A6E5}"
EndProject
Project("{FAE04EC0-301F-11D3-BF4B-00C04F79EFBC}") = "Cart.API", "src\Services\Cart\Cart.API\Cart.API.csproj", "{2BEF8E58-FB84-4F7E-8BB4-A19F5E5740C4}"
EndProject
Project("{FAE04EC0-301F-11D3-BF4B-00C04F79EFBC}") = "Cart.Tests", "src\Services\Cart\Cart.Tests\Cart.Tests.csproj", "{F81025D4-FD92-48F5-95DF-B495446BF7CA}"
EndProject
Project("{2150E333-8FDC-42A3-9474-1A3956D46DE8}") = "Order", "Order", "{E7D345AF-CBB5-486F-BFB6-83605CEB40D7}"
EndProject
Project("{FAE04EC0-301F-11D3-BF4B-00C04F79EFBC}") = "Order.API", "src\Services\Order\Order.API\Order.API.csproj", "{1EF4CA10-55A5-4CD0-96DA-B9AEF819A802}"
EndProject
Project("{FAE04EC0-301F-11D3-BF4B-00C04F79EFBC}") = "Order.Tests", "src\Services\Order\Order.Tests\Order.Tests.csproj", "{2116653B-D6F0-46F2-A19D-6ACF63F22C60}"
EndProject
Project("{2150E333-8FDC-42A3-9474-1A3956D46DE8}") = "Payment", "Payment", "{2290456F-3407-4A74-8664-A6ABB979CDFD}"
EndProject
Project("{FAE04EC0-301F-11D3-BF4B-00C04F79EFBC}") = "Payment.API", "src\Services\Payment\Payment.API\Payment.API.csproj", "{827009D1-F46F-4942-84C9-82C2391C012A}"
EndProject
Project("{FAE04EC0-301F-11D3-BF4B-00C04F79EFBC}") = "Payment.Tests", "src\Services\Payment\Payment.Tests\Payment.Tests.csproj", "{8BB3BDCC-7961-40A2-8C0C-B48CBD2D4267}"
EndProject
Project("{2150E333-8FDC-42A3-9474-1A3956D46DE8}") = "Notification", "Notification", "{52520AAF-B345-45EB-BAB1-46050B5651E9}"
EndProject
Project("{FAE04EC0-301F-11D3-BF4B-00C04F79EFBC}") = "Notification.API", "src\Services\Notification\Notification.API\Notification.API.csproj", "{68EE2D51-5E65-4C44-9FB8-3C72C9B992A6}"
EndProject
Project("{FAE04EC0-301F-11D3-BF4B-00C04F79EFBC}") = "Notification.Tests", "src\Services\Notification\Notification.Tests\Notification.Tests.csproj", "{43848928-80F7-4E5C-BAB3-01DAAEE59C7F}"
EndProject
Project("{2150E333-8FDC-42A3-9474-1A3956D46DE8}") = "Catalog", "Catalog", "{15829280-A08D-4C53-8D2F-127A4925BCB2}"
EndProject
Project("{FAE04EC0-301F-11D3-BF4B-00C04F79EFBC}") = "Catalog.API", "src\Services\Catalog\Catalog.API\Catalog.API.csproj", "{0E0134A8-FB52-4889-BBBE-B5DEEB0FFC97}"
EndProject
Project("{FAE04EC0-301F-11D3-BF4B-00C04F79EFBC}") = "Catalog.Tests", "src\Services\Catalog\Catalog.Tests\Catalog.Tests.csproj", "{1F248F22-19A3-4F57-BD4A-D02825D9CBC5}"
EndProject
Global
	GlobalSection(SolutionConfigurationPlatforms) = preSolution
		Debug|Any CPU = Debug|Any CPU
		Release|Any CPU = Release|Any CPU
	EndGlobalSection
	GlobalSection(ProjectConfigurationPlatforms) = postSolution
		{3F0B18F4-D5B9-4253-A472-72E72C8F28B4}.Debug|Any CPU.ActiveCfg = Debug|Any CPU
		{3F0B18F4-D5B9-4253-A472-72E72C8F28B4}.Debug|Any CPU.Build.0 = Debug|Any CPU
		{3F0B18F4-D5B9-4253-A472-72E72C8F28B4}.Release|Any CPU.ActiveCfg = Release|Any CPU
		{3F0B18F4-D5B9-4253-A472-72E72C8F28B4}.Release|Any CPU.Build.0 = Release|Any CPU
		{025A1061-6434-4103-83C8-AB81CD212E21}.Debug|Any CPU.ActiveCfg = Debug|Any CPU
		{025A1061-6434-4103-83C8-AB81CD212E21}.Debug|Any CPU.Build.0 = Debug|Any CPU
		{025A1061-6434-4103-83C8-AB81CD212E21}.Release|Any CPU.ActiveCfg = Release|Any CPU
		{025A1061-6434-4103-83C8-AB81CD212E21}.Release|Any CPU.Build.0 = Release|Any CPU
		{D5B720F6-4155-4CB2-A23E-239912A2ABD3}.Debug|Any CPU.ActiveCfg = Debug|Any CPU
		{D5B720F6-4155-4CB2-A23E-239912A2ABD3}.Debug|Any CPU.Build.0 = Debug|Any CPU
		{D5B720F6-4155-4CB2-A23E-239912A2ABD3}.Release|Any CPU.ActiveCfg = Release|Any CPU
		{D5B720F6-4155-4CB2-A23E-239912A2ABD3}.Release|Any CPU.Build.0 = Release|Any CPU
		{94B763D5-D346-4248-BF23-B1B27CBBA9D9}.Debug|Any CPU.ActiveCfg = Debug|Any CPU
		{94B763D5-D346-4248-BF23-B1B27CBBA9D9}.Debug|Any CPU.Build.0 = Debug|Any CPU
		{94B763D5-D346-4248-BF23-B1B27CBBA9D9}.Release|Any CPU.ActiveCfg = Release|Any CPU
		{94B763D5-D346-4248-BF23-B1B27CBBA9D9}.Release|Any CPU.Build.0 = Release|Any CPU
		{C57C70E3-8EE5-4EC4-9517-2FBBB89B59DD}.Debug|Any CPU.ActiveCfg = Debug|Any CPU
		{C57C70E3-8EE5-4EC4-9517-2FBBB89B59DD}.Debug|Any CPU.Build.0 = Debug|Any CPU
		{C57C70E3-8EE5-4EC4-9517-2FBBB89B59DD}.Release|Any CPU.ActiveCfg = Release|Any CPU
		{C57C70E3-8EE5-4EC4-9517-2FBBB89B59DD}.Release|Any CPU.Build.0 = Release|Any CPU
		{F75DD26B-D2E3-4F71-BBAC-FBA95296CA66}.Debug|Any CPU.ActiveCfg = Debug|Any CPU
		{F75DD26B-D2E3-4F71-BBAC-FBA95296CA66}.Debug|Any CPU.Build.0 = Debug|Any CPU
		{F75DD26B-D2E3-4F71-BBAC-FBA95296CA66}.Release|Any CPU.ActiveCfg = Release|Any CPU
		{F75DD26B-D2E3-4F71-BBAC-FBA95296CA66}.Release|Any CPU.Build.0 = Release|Any CPU
		{94ED2D18-1F6A-4E31-A370-5577597B1853}.Debug|Any CPU.ActiveCfg = Debug|Any CPU
		{94ED2D18-1F6A-4E31-A370-5577597B1853}.Debug|Any CPU.Build.0 = Debug|Any CPU
		{94ED2D18-1F6A-4E31-A370-5577597B1853}.Release|Any CPU.ActiveCfg = Release|Any CPU
		{94ED2D18-1F6A-4E31-A370-5577597B1853}.Release|Any CPU.Build.0 = Release|Any CPU
		{A21DD34A-259E-46AD-8E7C-F18C4ADECF8B}.Debug|Any CPU.ActiveCfg = Debug|Any CPU
		{A21DD34A-259E-46AD-8E7C-F18C4ADECF8B}.Debug|Any CPU.Build.0 = Debug|Any CPU
		{A21DD34A-259E-46AD-8E7C-F18C4ADECF8B}.Release|Any CPU.ActiveCfg = Release|Any CPU
		{A21DD34A-259E-46AD-8E7C-F18C4ADECF8B}.Release|Any CPU.Build.0 = Release|Any CPU
		{6261BCB0-F7D3-4B3F-83FE-1E42B96B9E86}.Debug|Any CPU.ActiveCfg = Debug|Any CPU
		{6261BCB0-F7D3-4B3F-83FE-1E42B96B9E86}.Debug|Any CPU.Build.0 = Debug|Any CPU
		{6261BCB0-F7D3-4B3F-83FE-1E42B96B9E86}.Release|Any CPU.ActiveCfg = Release|Any CPU
		{6261BCB0-F7D3-4B3F-83FE-1E42B96B9E86}.Release|Any CPU.Build.0 = Release|Any CPU
		{61EE4008-3B1B-4532-8289-4D521411C1CB}.Debug|Any CPU.ActiveCfg = Debug|Any CPU
		{61EE4008-3B1B-4532-8289-4D521411C1CB}.Debug|Any CPU.Build.0 = Debug|Any CPU
		{61EE4008-3B1B-4532-8289-4D521411C1CB}.Release|Any CPU.ActiveCfg = Release|Any CPU
		{61EE4008-3B1B-4532-8289-4D521411C1CB}.Release|Any CPU.Build.0 = Release|Any CPU
		{DE450F9F-EFDA-49F3-B786-4144FE30F6F3}.Debug|Any CPU.ActiveCfg = Debug|Any CPU
		{DE450F9F-EFDA-49F3-B786-4144FE30F6F3}.Debug|Any CPU.Build.0 = Debug|Any CPU
		{DE450F9F-EFDA-49F3-B786-4144FE30F6F3}.Release|Any CPU.ActiveCfg = Release|Any CPU
		{DE450F9F-EFDA-49F3-B786-4144FE30F6F3}.Release|Any CPU.Build.0 = Release|Any CPU
		{971E5B38-1DE9-47BC-9BB1-16C6034ECB9F}.Debug|Any CPU.ActiveCfg = Debug|Any CPU
		{971E5B38-1DE9-47BC-9BB1-16C6034ECB9F}.Debug|Any CPU.Build.0 = Debug|Any CPU
		{971E5B38-1DE9-47BC-9BB1-16C6034ECB9F}.Release|Any CPU.ActiveCfg = Release|Any CPU
		{971E5B38-1DE9-47BC-9BB1-16C6034ECB9F}.Release|Any CPU.Build.0 = Release|Any CPU
		{2B0E1A03-393C-4413-AC0A-B638B3BC6B86}.Debug|Any CPU.ActiveCfg = Debug|Any CPU
		{2B0E1A03-393C-4413-AC0A-B638B3BC6B86}.Debug|Any CPU.Build.0 = Debug|Any CPU
		{2B0E1A03-393C-4413-AC0A-B638B3BC6B86}.Release|Any CPU.ActiveCfg = Release|Any CPU
		{2B0E1A03-393C-4413-AC0A-B638B3BC6B86}.Release|Any CPU.Build.0 = Release|Any CPU
		{2BEF8E58-FB84-4F7E-8BB4-A19F5E5740C4}.Debug|Any CPU.ActiveCfg = Debug|Any CPU
		{2BEF8E58-FB84-4F7E-8BB4-A19F5E5740C4}.Debug|Any CPU.Build.0 = Debug|Any CPU
		{2BEF8E58-FB84-4F7E-8BB4-A19F5E5740C4}.Release|Any CPU.ActiveCfg = Release|Any CPU
		{2BEF8E58-FB84-4F7E-8BB4-A19F5E5740C4}.Release|Any CPU.Build.0 = Release|Any CPU
		{F81025D4-FD92-48F5-95DF-B495446BF7CA}.Debug|Any CPU.ActiveCfg = Debug|Any CPU
		{F81025D4-FD92-48F5-95DF-B495446BF7CA}.Debug|Any CPU.Build.0 = Debug|Any CPU
		{F81025D4-FD92-48F5-95DF-B495446BF7CA}.Release|Any CPU.ActiveCfg = Release|Any CPU
		{F81025D4-FD92-48F5-95DF-B495446BF7CA}.Release|Any CPU.Build.0 = Release|Any CPU
		{1EF4CA10-55A5-4CD0-96DA-B9AEF819A802}.Debug|Any CPU.ActiveCfg = Debug|Any CPU
		{1EF4CA10-55A5-4CD0-96DA-B9AEF819A802}.Debug|Any CPU.Build.0 = Debug|Any CPU
		{1EF4CA10-55A5-4CD0-96DA-B9AEF819A802}.Release|Any CPU.ActiveCfg = Release|Any CPU
		{1EF4CA10-55A5-4CD0-96DA-B9AEF819A802}.Release|Any CPU.Build.0 = Release|Any CPU
		{2116653B-D6F0-46F2-A19D-6ACF63F22C60}.Debug|Any CPU.ActiveCfg = Debug|Any CPU
		{2116653B-D6F0-46F2-A19D-6ACF63F22C60}.Debug|Any CPU.Build.0 = Debug|Any CPU
		{2116653B-D6F0-46F2-A19D-6ACF63F22C60}.Release|Any CPU.ActiveCfg = Release|Any CPU
		{2116653B-D6F0-46F2-A19D-6ACF63F22C60}.Release|Any CPU.Build.0 = Release|Any CPU
		{827009D1-F46F-4942-84C9-82C2391C012A}.Debug|Any CPU.ActiveCfg = Debug|Any CPU
		{827009D1-F46F-4942-84C9-82C2391C012A}.Debug|Any CPU.Build.0 = Debug|Any CPU
		{827009D1-F46F-4942-84C9-82C2391C012A}.Release|Any CPU.ActiveCfg = Release|Any CPU
		{827009D1-F46F-4942-84C9-82C2391C012A}.Release|Any CPU.Build.0 = Release|Any CPU
		{8BB3BDCC-7961-40A2-8C0C-B48CBD2D4267}.Debug|Any CPU.ActiveCfg = Debug|Any CPU
		{8BB3BDCC-7961-40A2-8C0C-B48CBD2D4267}.Debug|Any CPU.Build.0 = Debug|Any CPU
		{8BB3BDCC-7961-40A2-8C0C-B48CBD2D4267}.Release|Any CPU.ActiveCfg = Release|Any CPU
		{8BB3BDCC-7961-40A2-8C0C-B48CBD2D4267}.Release|Any CPU.Build.0 = Release|Any CPU
		{68EE2D51-5E65-4C44-9FB8-3C72C9B992A6}.Debug|Any CPU.ActiveCfg = Debug|Any CPU
		{68EE2D51-5E65-4C44-9FB8-3C72C9B992A6}.Debug|Any CPU.Build.0 = Debug|Any CPU
		{68EE2D51-5E65-4C44-9FB8-3C72C9B992A6}.Release|Any CPU.ActiveCfg = Release|Any CPU
		{68EE2D51-5E65-4C44-9FB8-3C72C9B992A6}.Release|Any CPU.Build.0 = Release|Any CPU
		{43848928-80F7-4E5C-BAB3-01DAAEE59C7F}.Debug|Any CPU.ActiveCfg = Debug|Any CPU
		{43848928-80F7-4E5C-BAB3-01DAAEE59C7F}.Debug|Any CPU.Build.0 = Debug|Any CPU
		{43848928-80F7-4E5C-BAB3-01DAAEE59C7F}.Release|Any CPU.ActiveCfg = Release|Any CPU
		{43848928-80F7-4E5C-BAB3-01DAAEE59C7F}.Release|Any CPU.Build.0 = Release|Any CPU
		{0E0134A8-FB52-4889-BBBE-B5DEEB0FFC97}.Debug|Any CPU.ActiveCfg = Debug|Any CPU
		{0E0134A8-FB52-4889-BBBE-B5DEEB0FFC97}.Debug|Any CPU.Build.0 = Debug|Any CPU
		{0E0134A8-FB52-4889-BBBE-B5DEEB0FFC97}.Release|Any CPU.ActiveCfg = Release|Any CPU
		{0E0134A8-FB52-4889-BBBE-B5DEEB0FFC97}.Release|Any CPU.Build.0 = Release|Any CPU
		{1F248F22-19A3-4F57-BD4A-D02825D9CBC5}.Debug|Any CPU.ActiveCfg = Debug|Any CPU
		{1F248F22-19A3-4F57-BD4A-D02825D9CBC5}.Debug|Any CPU.Build.0 = Debug|Any CPU
		{1F248F22-19A3-4F57-BD4A-D02825D9CBC5}.Release|Any CPU.ActiveCfg = Release|Any CPU
		{1F248F22-19A3-4F57-BD4A-D02825D9CBC5}.Release|Any CPU.Build.0 = Release|Any CPU
	EndGlobalSection
	GlobalSection(SolutionProperties) = preSolution
		HideSolutionNode = FALSE
	EndGlobalSection
	GlobalSection(NestedProjects) = preSolution
		{DE16BC29-8F00-4BEA-A795-9CC5A5ADF34A} = {1EF7540D-8303-4490-AC5C-0CD2B71A0F45}
		{3F0B18F4-D5B9-4253-A472-72E72C8F28B4} = {DE16BC29-8F00-4BEA-A795-9CC5A5ADF34A}
		{025A1061-6434-4103-83C8-AB81CD212E21} = {DE16BC29-8F00-4BEA-A795-9CC5A5ADF34A}
		{994E1319-DCFF-4C62-8183-10822496EF3A} = {1EF7540D-8303-4490-AC5C-0CD2B71A0F45}
		{D5B720F6-4155-4CB2-A23E-239912A2ABD3} = {994E1319-DCFF-4C62-8183-10822496EF3A}
		{57376281-1E4E-4C8E-952D-5124F3383ED6} = {1EF7540D-8303-4490-AC5C-0CD2B71A0F45}
		{B5658AA1-BE51-4D58-98C8-5C2270988562} = {57376281-1E4E-4C8E-952D-5124F3383ED6}
		{94B763D5-D346-4248-BF23-B1B27CBBA9D9} = {B5658AA1-BE51-4D58-98C8-5C2270988562}
		{C57C70E3-8EE5-4EC4-9517-2FBBB89B59DD} = {B5658AA1-BE51-4D58-98C8-5C2270988562}
		{A013BD6D-6BA5-4610-90CF-835E300AB4AA} = {57376281-1E4E-4C8E-952D-5124F3383ED6}
		{F75DD26B-D2E3-4F71-BBAC-FBA95296CA66} = {A013BD6D-6BA5-4610-90CF-835E300AB4AA}
		{94ED2D18-1F6A-4E31-A370-5577597B1853} = {A013BD6D-6BA5-4610-90CF-835E300AB4AA}
		{AA2B164A-901F-4128-83DD-EFCA38CD016C} = {57376281-1E4E-4C8E-952D-5124F3383ED6}
		{A21DD34A-259E-46AD-8E7C-F18C4ADECF8B} = {AA2B164A-901F-4128-83DD-EFCA38CD016C}
		{6261BCB0-F7D3-4B3F-83FE-1E42B96B9E86} = {AA2B164A-901F-4128-83DD-EFCA38CD016C}
		{47213690-963B-47B5-AB40-11DE0FD626E4} = {57376281-1E4E-4C8E-952D-5124F3383ED6}
		{61EE4008-3B1B-4532-8289-4D521411C1CB} = {47213690-963B-47B5-AB40-11DE0FD626E4}
		{DE450F9F-EFDA-49F3-B786-4144FE30F6F3} = {47213690-963B-47B5-AB40-11DE0FD626E4}
		{7EA47450-E71A-4918-A960-DB9FDBCB3454} = {57376281-1E4E-4C8E-952D-5124F3383ED6}
		{971E5B38-1DE9-47BC-9BB1-16C6034ECB9F} = {7EA47450-E71A-4918-A960-DB9FDBCB3454}
		{2B0E1A03-393C-4413-AC0A-B638B3BC6B86} = {7EA47450-E71A-4918-A960-DB9FDBCB3454}
		{93A4A277-797A-4B27-A9DA-26D46537A6E5} = {57376281-1E4E-4C8E-952D-5124F3383ED6}
		{2BEF8E58-FB84-4F7E-8BB4-A19F5E5740C4} = {93A4A277-797A-4B27-A9DA-26D46537A6E5}
		{F81025D4-FD92-48F5-95DF-B495446BF7CA} = {93A4A277-797A-4B27-A9DA-26D46537A6E5}
		{E7D345AF-CBB5-486F-BFB6-83605CEB40D7} = {57376281-1E4E-4C8E-952D-5124F3383ED6}
		{1EF4CA10-55A5-4CD0-96DA-B9AEF819A802} = {E7D345AF-CBB5-486F-BFB6-83605CEB40D7}
		{2116653B-D6F0-46F2-A19D-6ACF63F22C60} = {E7D345AF-CBB5-486F-BFB6-83605CEB40D7}
		{2290456F-3407-4A74-8664-A6ABB979CDFD} = {57376281-1E4E-4C8E-952D-5124F3383ED6}
		{827009D1-F46F-4942-84C9-82C2391C012A} = {2290456F-3407-4A74-8664-A6ABB979CDFD}
		{8BB3BDCC-7961-40A2-8C0C-B48CBD2D4267} = {2290456F-3407-4A74-8664-A6ABB979CDFD}
		{52520AAF-B345-45EB-BAB1-46050B5651E9} = {57376281-1E4E-4C8E-952D-5124F3383ED6}
		{68EE2D51-5E65-4C44-9FB8-3C72C9B992A6} = {52520AAF-B345-45EB-BAB1-46050B5651E9}
		{43848928-80F7-4E5C-BAB3-01DAAEE59C7F} = {52520AAF-B345-45EB-BAB1-46050B5651E9}
		{15829280-A08D-4C53-8D2F-127A4925BCB2} = {57376281-1E4E-4C8E-952D-5124F3383ED6}
		{0E0134A8-FB52-4889-BBBE-B5DEEB0FFC97} = {15829280-A08D-4C53-8D2F-127A4925BCB2}
		{1F248F22-19A3-4F57-BD4A-D02825D9CBC5} = {15829280-A08D-4C53-8D2F-127A4925BCB2}
	EndGlobalSection
EndGlobal
